
Microsoft Visual Studio Solution File, Format Version 12.00
# Visual Studio 15
VisualStudioVersion = 15.0.26730.12
MinimumVisualStudioVersion = 10.0.40219.1
Project("{9A19103F-16F7-4668-BE54-9A1E7A4F7556}") = "ApplicationManager", "ApplicationManager\ApplicationManager.csproj", "{70718571-DE2F-404A-9C7F-5FF75CAF7C42}"
EndProject
Project("{9A19103F-16F7-4668-BE54-9A1E7A4F7556}") = "ApplicationManager.Model", "ApplicationManager.Model\ApplicationManager.Model.csproj", "{9343AA62-C385-4A04-8C0C-27FD47ED8ABD}"
EndProject
Project("{9A19103F-16F7-4668-BE54-9A1E7A4F7556}") = "ApplicationManager.DAL", "ApplicationManager.DAL\ApplicationManager.DAL.csproj", "{774BAADA-784A-4DEE-B033-4B7AFA613434}"
EndProject
Project("{9A19103F-16F7-4668-BE54-9A1E7A4F7556}") = "ApplicationManager.Service", "ApplicationManager.Service\ApplicationManager.Service.csproj", "{FA89EB4C-59C3-4CB0-843E-2A038CA5796F}"
EndProject
Project("{9A19103F-16F7-4668-BE54-9A1E7A4F7556}") = "ApplicationManager.Repository", "ApplicationManager.Repository\ApplicationManager.Repository.csproj", "{1BC602FF-E1B2-4C97-8F0E-3C723313F275}"
EndProject
Project("{FAE04EC0-301F-11D3-BF4B-00C04F79EFBC}") = "ApplicationManager.Test", "ApplicationManager.Test\ApplicationManager.Test.csproj", "{EFA2E3D8-1240-49FB-BEA9-0D4040A0F28D}"
EndProject
Global
	GlobalSection(SolutionConfigurationPlatforms) = preSolution
		Debug|Any CPU = Debug|Any CPU
		Release|Any CPU = Release|Any CPU
	EndGlobalSection
	GlobalSection(ProjectConfigurationPlatforms) = postSolution
		{70718571-DE2F-404A-9C7F-5FF75CAF7C42}.Debug|Any CPU.ActiveCfg = Debug|Any CPU
		{70718571-DE2F-404A-9C7F-5FF75CAF7C42}.Debug|Any CPU.Build.0 = Debug|Any CPU
		{70718571-DE2F-404A-9C7F-5FF75CAF7C42}.Release|Any CPU.ActiveCfg = Release|Any CPU
		{70718571-DE2F-404A-9C7F-5FF75CAF7C42}.Release|Any CPU.Build.0 = Release|Any CPU
		{9343AA62-C385-4A04-8C0C-27FD47ED8ABD}.Debug|Any CPU.ActiveCfg = Debug|Any CPU
		{9343AA62-C385-4A04-8C0C-27FD47ED8ABD}.Debug|Any CPU.Build.0 = Debug|Any CPU
		{9343AA62-C385-4A04-8C0C-27FD47ED8ABD}.Release|Any CPU.ActiveCfg = Release|Any CPU
		{9343AA62-C385-4A04-8C0C-27FD47ED8ABD}.Release|Any CPU.Build.0 = Release|Any CPU
		{774BAADA-784A-4DEE-B033-4B7AFA613434}.Debug|Any CPU.ActiveCfg = Debug|Any CPU
		{774BAADA-784A-4DEE-B033-4B7AFA613434}.Debug|Any CPU.Build.0 = Debug|Any CPU
		{774BAADA-784A-4DEE-B033-4B7AFA613434}.Release|Any CPU.ActiveCfg = Release|Any CPU
		{774BAADA-784A-4DEE-B033-4B7AFA613434}.Release|Any CPU.Build.0 = Release|Any CPU
		{FA89EB4C-59C3-4CB0-843E-2A038CA5796F}.Debug|Any CPU.ActiveCfg = Debug|Any CPU
		{FA89EB4C-59C3-4CB0-843E-2A038CA5796F}.Debug|Any CPU.Build.0 = Debug|Any CPU
		{FA89EB4C-59C3-4CB0-843E-2A038CA5796F}.Release|Any CPU.ActiveCfg = Release|Any CPU
		{FA89EB4C-59C3-4CB0-843E-2A038CA5796F}.Release|Any CPU.Build.0 = Release|Any CPU
		{1BC602FF-E1B2-4C97-8F0E-3C723313F275}.Debug|Any CPU.ActiveCfg = Debug|Any CPU
		{1BC602FF-E1B2-4C97-8F0E-3C723313F275}.Debug|Any CPU.Build.0 = Debug|Any CPU
		{1BC602FF-E1B2-4C97-8F0E-3C723313F275}.Release|Any CPU.ActiveCfg = Release|Any CPU
		{1BC602FF-E1B2-4C97-8F0E-3C723313F275}.Release|Any CPU.Build.0 = Release|Any CPU
		{EFA2E3D8-1240-49FB-BEA9-0D4040A0F28D}.Debug|Any CPU.ActiveCfg = Debug|Any CPU
		{EFA2E3D8-1240-49FB-BEA9-0D4040A0F28D}.Debug|Any CPU.Build.0 = Debug|Any CPU
		{EFA2E3D8-1240-49FB-BEA9-0D4040A0F28D}.Release|Any CPU.ActiveCfg = Release|Any CPU
		{EFA2E3D8-1240-49FB-BEA9-0D4040A0F28D}.Release|Any CPU.Build.0 = Release|Any CPU
	EndGlobalSection
	GlobalSection(SolutionProperties) = preSolution
		HideSolutionNode = FALSE
	EndGlobalSection
	GlobalSection(ExtensibilityGlobals) = postSolution
		SolutionGuid = {F67A0506-2F19-4FBB-8412-3F82BC9DD447}
	EndGlobalSection
EndGlobal
